
Microsoft Visual Studio Solution File, Format Version 12.00
# Visual Studio Version 17
VisualStudioVersion = 17.11.35327.3
MinimumVisualStudioVersion = 10.0.40219.1
Project("{FAE04EC0-301F-11D3-BF4B-00C04F79EFBC}") = "Introduccion", "Introduccion\Introduccion.csproj", "{D29F6E35-83B8-4681-835D-F5B0BD944217}"
EndProject
Project("{FAE04EC0-301F-11D3-BF4B-00C04F79EFBC}") = "TaskForms", "TaskForms\TaskForms.csproj", "{C8C00C0E-476D-446D-BB2F-6BF335302BA4}"
EndProject
Global
	GlobalSection(SolutionConfigurationPlatforms) = preSolution
		Debug|Any CPU = Debug|Any CPU
		Release|Any CPU = Release|Any CPU
	EndGlobalSection
	GlobalSection(ProjectConfigurationPlatforms) = postSolution
		{D29F6E35-83B8-4681-835D-F5B0BD944217}.Debug|Any CPU.ActiveCfg = Debug|Any CPU
		{D29F6E35-83B8-4681-835D-F5B0BD944217}.Debug|Any CPU.Build.0 = Debug|Any CPU
		{D29F6E35-83B8-4681-835D-F5B0BD944217}.Release|Any CPU.ActiveCfg = Release|Any CPU
		{D29F6E35-83B8-4681-835D-F5B0BD944217}.Release|Any CPU.Build.0 = Release|Any CPU
		{C8C00C0E-476D-446D-BB2F-6BF335302BA4}.Debug|Any CPU.ActiveCfg = Debug|Any CPU
		{C8C00C0E-476D-446D-BB2F-6BF335302BA4}.Debug|Any CPU.Build.0 = Debug|Any CPU
		{C8C00C0E-476D-446D-BB2F-6BF335302BA4}.Release|Any CPU.ActiveCfg = Release|Any CPU
		{C8C00C0E-476D-446D-BB2F-6BF335302BA4}.Release|Any CPU.Build.0 = Release|Any CPU
	EndGlobalSection
	GlobalSection(SolutionProperties) = preSolution
		HideSolutionNode = FALSE
	EndGlobalSection
	GlobalSection(ExtensibilityGlobals) = postSolution
		SolutionGuid = {74C30A2C-4388-4EF0-BA69-C9FEF7D67F0B}
	EndGlobalSection
EndGlobal
